
Microsoft Visual Studio Solution File, Format Version 12.00
# Visual Studio Version 16
VisualStudioVersion = 16.0.29806.167
MinimumVisualStudioVersion = 10.0.40219.1
Project("{FAE04EC0-301F-11D3-BF4B-00C04F79EFBC}") = "DesignPatternsPracticing", "DesignPatternsPracticing\DesignPatternsPracticing.csproj", "{617EBC80-39C1-4C9B-A36C-62405EE5E6B4}"
EndProject
Global
	GlobalSection(SolutionConfigurationPlatforms) = preSolution
		Debug|Any CPU = Debug|Any CPU
		Release|Any CPU = Release|Any CPU
	EndGlobalSection
	GlobalSection(ProjectConfigurationPlatforms) = postSolution
		{617EBC80-39C1-4C9B-A36C-62405EE5E6B4}.Debug|Any CPU.ActiveCfg = Debug|Any CPU
		{617EBC80-39C1-4C9B-A36C-62405EE5E6B4}.Debug|Any CPU.Build.0 = Debug|Any CPU
		{617EBC80-39C1-4C9B-A36C-62405EE5E6B4}.Release|Any CPU.ActiveCfg = Release|Any CPU
		{617EBC80-39C1-4C9B-A36C-62405EE5E6B4}.Release|Any CPU.Build.0 = Release|Any CPU
	EndGlobalSection
	GlobalSection(SolutionProperties) = preSolution
		HideSolutionNode = FALSE
	EndGlobalSection
	GlobalSection(ExtensibilityGlobals) = postSolution
		SolutionGuid = {9F8CB93D-C716-4515-989E-CA0BEBBD5668}
	EndGlobalSection
EndGlobal
